
Microsoft Visual Studio Solution File, Format Version 12.00
# Visual Studio 15
VisualStudioVersion = 15.0.27004.2005
MinimumVisualStudioVersion = 10.0.40219.1
Project("{9A19103F-16F7-4668-BE54-9A1E7A4F7556}") = "MathExtension", "MathExtension\MathExtension.csproj", "{09D582DC-4014-4B2D-B453-97DDF5E422F7}"
EndProject
Project("{FAE04EC0-301F-11D3-BF4B-00C04F79EFBC}") = "TestCmd", "TestCmd\TestCmd.csproj", "{A4BFB6A5-239C-49E6-8232-965490048966}"
EndProject
Global
	GlobalSection(SolutionConfigurationPlatforms) = preSolution
		Debug|Any CPU = Debug|Any CPU
		Release|Any CPU = Release|Any CPU
	EndGlobalSection
	GlobalSection(ProjectConfigurationPlatforms) = postSolution
		{09D582DC-4014-4B2D-B453-97DDF5E422F7}.Debug|Any CPU.ActiveCfg = Debug|Any CPU
		{09D582DC-4014-4B2D-B453-97DDF5E422F7}.Debug|Any CPU.Build.0 = Debug|Any CPU
		{09D582DC-4014-4B2D-B453-97DDF5E422F7}.Release|Any CPU.ActiveCfg = Release|Any CPU
		{09D582DC-4014-4B2D-B453-97DDF5E422F7}.Release|Any CPU.Build.0 = Release|Any CPU
		{A4BFB6A5-239C-49E6-8232-965490048966}.Debug|Any CPU.ActiveCfg = Debug|Any CPU
		{A4BFB6A5-239C-49E6-8232-965490048966}.Debug|Any CPU.Build.0 = Debug|Any CPU
		{A4BFB6A5-239C-49E6-8232-965490048966}.Release|Any CPU.ActiveCfg = Release|Any CPU
		{A4BFB6A5-239C-49E6-8232-965490048966}.Release|Any CPU.Build.0 = Release|Any CPU
	EndGlobalSection
	GlobalSection(SolutionProperties) = preSolution
		HideSolutionNode = FALSE
	EndGlobalSection
	GlobalSection(ExtensibilityGlobals) = postSolution
		SolutionGuid = {4048A226-3615-446C-8B2D-73C558DA9839}
	EndGlobalSection
EndGlobal
